
Microsoft Visual Studio Solution File, Format Version 12.00
# Visual Studio Version 17
VisualStudioVersion = 17.3.32901.215
MinimumVisualStudioVersion = 10.0.40219.1
Project("{FAE04EC0-301F-11D3-BF4B-00C04F79EFBC}") = "meyve-sebze-dongu", "meyve-sebze-dongu\meyve-sebze-dongu.csproj", "{A2DEF008-D5AE-456C-A70B-C53F143A24B2}"
EndProject
Global
	GlobalSection(SolutionConfigurationPlatforms) = preSolution
		Debug|Any CPU = Debug|Any CPU
		Release|Any CPU = Release|Any CPU
	EndGlobalSection
	GlobalSection(ProjectConfigurationPlatforms) = postSolution
		{A2DEF008-D5AE-456C-A70B-C53F143A24B2}.Debug|Any CPU.ActiveCfg = Debug|Any CPU
		{A2DEF008-D5AE-456C-A70B-C53F143A24B2}.Debug|Any CPU.Build.0 = Debug|Any CPU
		{A2DEF008-D5AE-456C-A70B-C53F143A24B2}.Release|Any CPU.ActiveCfg = Release|Any CPU
		{A2DEF008-D5AE-456C-A70B-C53F143A24B2}.Release|Any CPU.Build.0 = Release|Any CPU
	EndGlobalSection
	GlobalSection(SolutionProperties) = preSolution
		HideSolutionNode = FALSE
	EndGlobalSection
	GlobalSection(ExtensibilityGlobals) = postSolution
		SolutionGuid = {253EE02E-C11D-47C8-8043-9A14DB792F21}
	EndGlobalSection
EndGlobal
